
Microsoft Visual Studio Solution File, Format Version 12.00
# Visual Studio Version 17
VisualStudioVersion = 17.4.33205.214
MinimumVisualStudioVersion = 10.0.40219.1
Project("{FAE04EC0-301F-11D3-BF4B-00C04F79EFBC}") = "HelloWorld1", "HelloWorld1\HelloWorld1.csproj", "{DD1ADCFA-2591-4BF9-B782-4EDA5C31BFFF}"
EndProject
Global
	GlobalSection(SolutionConfigurationPlatforms) = preSolution
		Debug|Any CPU = Debug|Any CPU
		Release|Any CPU = Release|Any CPU
	EndGlobalSection
	GlobalSection(ProjectConfigurationPlatforms) = postSolution
		{DD1ADCFA-2591-4BF9-B782-4EDA5C31BFFF}.Debug|Any CPU.ActiveCfg = Debug|Any CPU
		{DD1ADCFA-2591-4BF9-B782-4EDA5C31BFFF}.Debug|Any CPU.Build.0 = Debug|Any CPU
		{DD1ADCFA-2591-4BF9-B782-4EDA5C31BFFF}.Release|Any CPU.ActiveCfg = Release|Any CPU
		{DD1ADCFA-2591-4BF9-B782-4EDA5C31BFFF}.Release|Any CPU.Build.0 = Release|Any CPU
	EndGlobalSection
	GlobalSection(SolutionProperties) = preSolution
		HideSolutionNode = FALSE
	EndGlobalSection
	GlobalSection(ExtensibilityGlobals) = postSolution
		SolutionGuid = {B976BD86-F402-4FBB-8848-179506805807}
	EndGlobalSection
EndGlobal
